
Microsoft Visual Studio Solution File, Format Version 10.00
# Visual Studio 2008
Project("{FAE04EC0-301F-11D3-BF4B-00C04F79EFBC}") = "OPPF.Integrations.ImagerLink", "OPPFImagerLink\OPPF.Integrations.ImagerLink.csproj", "{FCB66153-CE22-4D73-8308-3BA330F9709F}"
EndProject
Project("{FAE04EC0-301F-11D3-BF4B-00C04F79EFBC}") = "ImageUploader", "ImageUploader\ImageUploader.csproj", "{CAFF0113-E3A0-4B32-841D-590990CD3110}"
EndProject
Project("{FAE04EC0-301F-11D3-BF4B-00C04F79EFBC}") = "OPPFImagerLinkTester", "OPPFImagerLinkTester\OPPFImagerLinkTester.csproj", "{0BEE2A8A-A0D3-425A-A2AD-509069F31D57}"
EndProject
Project("{FAE04EC0-301F-11D3-BF4B-00C04F79EFBC}") = "TestOPPFImagerLink", "TestOPPFImagerLink\TestOPPFImagerLink.csproj", "{B289DAE3-7937-4F7A-8391-2DBDA8E7E7FE}"
EndProject
Project("{2150E333-8FDC-42A3-9474-1A3956D46DE8}") = "Solution Items", "Solution Items", "{350BF36E-AE28-449E-AF39-6200CA35B469}"
	ProjectSection(SolutionItems) = preProject
		InstallationInstructions.txt = InstallationInstructions.txt
		Readme.txt = Readme.txt
		TODO.txt = TODO.txt
	EndProjectSection
EndProject
Global
	GlobalSection(SubversionScc) = preSolution
		Svn-Managed = True
		Manager = AnkhSVN - Subversion Support for Visual Studio
	EndGlobalSection
	GlobalSection(SolutionConfigurationPlatforms) = preSolution
		Debug|Any CPU = Debug|Any CPU
		Release|Any CPU = Release|Any CPU
	EndGlobalSection
	GlobalSection(ProjectConfigurationPlatforms) = postSolution
		{FCB66153-CE22-4D73-8308-3BA330F9709F}.Debug|Any CPU.ActiveCfg = Debug|Any CPU
		{FCB66153-CE22-4D73-8308-3BA330F9709F}.Debug|Any CPU.Build.0 = Debug|Any CPU
		{FCB66153-CE22-4D73-8308-3BA330F9709F}.Release|Any CPU.ActiveCfg = Release|Any CPU
		{FCB66153-CE22-4D73-8308-3BA330F9709F}.Release|Any CPU.Build.0 = Release|Any CPU
		{CAFF0113-E3A0-4B32-841D-590990CD3110}.Debug|Any CPU.ActiveCfg = Debug|Any CPU
		{CAFF0113-E3A0-4B32-841D-590990CD3110}.Debug|Any CPU.Build.0 = Debug|Any CPU
		{CAFF0113-E3A0-4B32-841D-590990CD3110}.Release|Any CPU.ActiveCfg = Release|Any CPU
		{CAFF0113-E3A0-4B32-841D-590990CD3110}.Release|Any CPU.Build.0 = Release|Any CPU
		{0BEE2A8A-A0D3-425A-A2AD-509069F31D57}.Debug|Any CPU.ActiveCfg = Debug|Any CPU
		{0BEE2A8A-A0D3-425A-A2AD-509069F31D57}.Debug|Any CPU.Build.0 = Debug|Any CPU
		{0BEE2A8A-A0D3-425A-A2AD-509069F31D57}.Release|Any CPU.ActiveCfg = Release|Any CPU
		{0BEE2A8A-A0D3-425A-A2AD-509069F31D57}.Release|Any CPU.Build.0 = Release|Any CPU
		{B289DAE3-7937-4F7A-8391-2DBDA8E7E7FE}.Debug|Any CPU.ActiveCfg = Debug|Any CPU
		{B289DAE3-7937-4F7A-8391-2DBDA8E7E7FE}.Debug|Any CPU.Build.0 = Debug|Any CPU
		{B289DAE3-7937-4F7A-8391-2DBDA8E7E7FE}.Release|Any CPU.ActiveCfg = Release|Any CPU
		{B289DAE3-7937-4F7A-8391-2DBDA8E7E7FE}.Release|Any CPU.Build.0 = Release|Any CPU
	EndGlobalSection
	GlobalSection(SolutionProperties) = preSolution
		HideSolutionNode = FALSE
	EndGlobalSection
EndGlobal
